
Microsoft Visual Studio Solution File, Format Version 12.00
# Visual Studio Version 16
VisualStudioVersion = 16.0.31321.278
MinimumVisualStudioVersion = 10.0.40219.1
Project("{FAE04EC0-301F-11D3-BF4B-00C04F79EFBC}") = "FunctionAppToTestDocker", "FunctionAppToTestDocker\FunctionAppToTestDocker.csproj", "{258C0DF1-F3DB-42FC-8233-EFC3ABC94E63}"
EndProject
Global
	GlobalSection(SolutionConfigurationPlatforms) = preSolution
		Debug|Any CPU = Debug|Any CPU
		Release|Any CPU = Release|Any CPU
	EndGlobalSection
	GlobalSection(ProjectConfigurationPlatforms) = postSolution
		{258C0DF1-F3DB-42FC-8233-EFC3ABC94E63}.Debug|Any CPU.ActiveCfg = Debug|Any CPU
		{258C0DF1-F3DB-42FC-8233-EFC3ABC94E63}.Debug|Any CPU.Build.0 = Debug|Any CPU
		{258C0DF1-F3DB-42FC-8233-EFC3ABC94E63}.Release|Any CPU.ActiveCfg = Release|Any CPU
		{258C0DF1-F3DB-42FC-8233-EFC3ABC94E63}.Release|Any CPU.Build.0 = Release|Any CPU
	EndGlobalSection
	GlobalSection(SolutionProperties) = preSolution
		HideSolutionNode = FALSE
	EndGlobalSection
	GlobalSection(ExtensibilityGlobals) = postSolution
		SolutionGuid = {711532FD-A115-4D2B-BD7B-6D41FADEF116}
	EndGlobalSection
EndGlobal
